
Microsoft Visual Studio Solution File, Format Version 12.00
# Visual Studio Version 16
VisualStudioVersion = 16.0.31829.152
MinimumVisualStudioVersion = 10.0.40219.1
Project("{9A19103F-16F7-4668-BE54-9A1E7A4F7556}") = "CleanArchitectureAPI", "CleanArchitectureAPI\CleanArchitectureAPI.csproj", "{722328AD-EDC6-4A3B-BD61-FEAAFFDBBBF1}"
EndProject
Project("{FAE04EC0-301F-11D3-BF4B-00C04F79EFBC}") = "CleanArchitecture.Application", "CleanArchitecture.Application\CleanArchitecture.Application.csproj", "{4A0554A5-D9B2-42C2-9E13-918CB31CDB17}"
EndProject
Project("{FAE04EC0-301F-11D3-BF4B-00C04F79EFBC}") = "CleanArchitecture.Incfrastructure", "CleanArchitecture.Incfrastructure\CleanArchitecture.Incfrastructure.csproj", "{24CF1B6D-23B1-49F2-B6B5-FBF46A9B0A79}"
EndProject
Project("{FAE04EC0-301F-11D3-BF4B-00C04F79EFBC}") = "CleanArchitecture.Domain", "CleanArchitecture.Domain\CleanArchitecture.Domain.csproj", "{38271F65-7D84-4A37-B2D7-8895ED729C07}"
EndProject
Project("{FAE04EC0-301F-11D3-BF4B-00C04F79EFBC}") = "CleanArchitecture.Contracts", "CleanArchitecture.Contracts\CleanArchitecture.Contracts.csproj", "{20D73964-A619-47CC-93B2-5D0F02CFB642}"
EndProject
Global
	GlobalSection(SolutionConfigurationPlatforms) = preSolution
		Debug|Any CPU = Debug|Any CPU
		Release|Any CPU = Release|Any CPU
	EndGlobalSection
	GlobalSection(ProjectConfigurationPlatforms) = postSolution
		{722328AD-EDC6-4A3B-BD61-FEAAFFDBBBF1}.Debug|Any CPU.ActiveCfg = Debug|Any CPU
		{722328AD-EDC6-4A3B-BD61-FEAAFFDBBBF1}.Debug|Any CPU.Build.0 = Debug|Any CPU
		{722328AD-EDC6-4A3B-BD61-FEAAFFDBBBF1}.Release|Any CPU.ActiveCfg = Release|Any CPU
		{722328AD-EDC6-4A3B-BD61-FEAAFFDBBBF1}.Release|Any CPU.Build.0 = Release|Any CPU
		{4A0554A5-D9B2-42C2-9E13-918CB31CDB17}.Debug|Any CPU.ActiveCfg = Debug|Any CPU
		{4A0554A5-D9B2-42C2-9E13-918CB31CDB17}.Debug|Any CPU.Build.0 = Debug|Any CPU
		{4A0554A5-D9B2-42C2-9E13-918CB31CDB17}.Release|Any CPU.ActiveCfg = Release|Any CPU
		{4A0554A5-D9B2-42C2-9E13-918CB31CDB17}.Release|Any CPU.Build.0 = Release|Any CPU
		{24CF1B6D-23B1-49F2-B6B5-FBF46A9B0A79}.Debug|Any CPU.ActiveCfg = Debug|Any CPU
		{24CF1B6D-23B1-49F2-B6B5-FBF46A9B0A79}.Debug|Any CPU.Build.0 = Debug|Any CPU
		{24CF1B6D-23B1-49F2-B6B5-FBF46A9B0A79}.Release|Any CPU.ActiveCfg = Release|Any CPU
		{24CF1B6D-23B1-49F2-B6B5-FBF46A9B0A79}.Release|Any CPU.Build.0 = Release|Any CPU
		{38271F65-7D84-4A37-B2D7-8895ED729C07}.Debug|Any CPU.ActiveCfg = Debug|Any CPU
		{38271F65-7D84-4A37-B2D7-8895ED729C07}.Debug|Any CPU.Build.0 = Debug|Any CPU
		{38271F65-7D84-4A37-B2D7-8895ED729C07}.Release|Any CPU.ActiveCfg = Release|Any CPU
		{38271F65-7D84-4A37-B2D7-8895ED729C07}.Release|Any CPU.Build.0 = Release|Any CPU
		{20D73964-A619-47CC-93B2-5D0F02CFB642}.Debug|Any CPU.ActiveCfg = Debug|Any CPU
		{20D73964-A619-47CC-93B2-5D0F02CFB642}.Debug|Any CPU.Build.0 = Debug|Any CPU
		{20D73964-A619-47CC-93B2-5D0F02CFB642}.Release|Any CPU.ActiveCfg = Release|Any CPU
		{20D73964-A619-47CC-93B2-5D0F02CFB642}.Release|Any CPU.Build.0 = Release|Any CPU
	EndGlobalSection
	GlobalSection(SolutionProperties) = preSolution
		HideSolutionNode = FALSE
	EndGlobalSection
	GlobalSection(ExtensibilityGlobals) = postSolution
		SolutionGuid = {6221F5EB-16A4-47CB-9960-CB047E3A3487}
	EndGlobalSection
EndGlobal
